{
  "originHash" : "160bf5bec5e6eff8ae10c55d3a8efbcf6f8d2a54bf158f18b789979d9b55de00",
  "pins" : [
    {
      "identity" : "papersaver",
      "kind" : "remoteSourceControl",
      "location" : "https://github.com/AerialScreensaver/PaperSaver.git",
      "state" : {
        "revision" : "4c65a226d671eb7c4bedb51e62b02f752d216ad8",
        "version" : "0.1.0"
      }
    },
    {
      "identity" : "sparkle",
      "kind" : "remoteSourceControl",
      "location" : "https://github.com/sparkle-project/Sparkle",
      "state" : {
        "revision" : "7907f058bcef1132c9b4af6c049cac598330a5f9",
        "version" : "2.4.1"
      }
    }
  ],
  "version" : 3
}
